{
  "version": 4,
  "terraform_version": "1.14.8",
  "serial": 43,
  "lineage": "c4427db5-5d0c-0cec-ae1e-aef59c22dba4",
  "outputs": {
    "app_url": {
      "value": "https://taskboardneycho.azurewebsites.net",
      "type": "string"
    },
    "outbound_ip_addresses": {
      "value": "20.215.90.80,20.215.90.87,20.215.88.54,20.215.88.55,20.215.88.92,20.215.88.93,74.248.178.48,20.215.143.18,74.248.178.53,74.248.75.173,20.215.143.19,74.248.251.82,20.215.88.213,20.215.88.246,20.215.89.20,20.215.89.22,20.215.89.29,20.215.89.30,20.215.12.2",
      "type": "string"
    }
  },
  "resources": [
    {
      "mode": "managed",
      "type": "azurerm_linux_web_app",
      "name": "main",
      "provider": "provider[\"registry.terraform.io/hashicorp/azurerm\"]",
      "instances": [
        {
          "schema_version": 1,
          "attributes": {
            "app_settings": null,
            "auth_settings": [],
            "auth_settings_v2": [],
            "backup": [],
            "client_affinity_enabled": false,
            "client_certificate_enabled": false,
            "client_certificate_exclusion_paths": "",
            "client_certificate_mode": "Required",
            "connection_string": [
              {
                "name": "DefaultConnection",
                "type": "SQLAzure",
                "value": "Data Source=tcp:taskboard-sql-neycho.database.windows.net,1433;Initial Catalog=TaskBoardDB;User ID=sqladmin;Password=TaskBoard@2026!;Trusted_Connection=False;MultipleActiveResultSets=True;"
              }
            ],
            "custom_domain_verification_id": "51668191FD73C7BFDEF0E1645759FA124714B5D6B274CFC187145FDBEA4980C2",
            "default_hostname": "taskboardneycho.azurewebsites.net",
            "enabled": true,
            "ftp_publish_basic_authentication_enabled": true,
            "hosting_environment_id": "",
            "https_only": false,
            "id": "/subscriptions/bee5e7ba-32c2-4108-8295-248b1dd4f194/resourceGroups/TaskBoard-RG/providers/Microsoft.Web/sites/TaskBoardNeycho",
            "identity": [],
            "key_vault_reference_identity_id": "SystemAssigned",
            "kind": "app,linux",
            "location": "polandcentral",
            "logs": [],
            "name": "TaskBoardNeycho",
            "outbound_ip_address_list": [
              "20.215.90.80",
              "20.215.90.87",
              "20.215.88.54",
              "20.215.88.55",
              "20.215.88.92",
              "20.215.88.93",
              "74.248.178.48",
              "20.215.143.18",
              "74.248.178.53",
              "74.248.75.173",
              "20.215.143.19",
              "74.248.251.82",
              "20.215.88.213",
              "20.215.88.246",
              "20.215.89.20",
              "20.215.89.22",
              "20.215.89.29",
              "20.215.89.30",
              "20.215.12.2"
            ],
            "outbound_ip_addresses": "20.215.90.80,20.215.90.87,20.215.88.54,20.215.88.55,20.215.88.92,20.215.88.93,74.248.178.48,20.215.143.18,74.248.178.53,74.248.75.173,20.215.143.19,74.248.251.82,20.215.88.213,20.215.88.246,20.215.89.20,20.215.89.22,20.215.89.29,20.215.89.30,20.215.12.2",
            "possible_outbound_ip_address_list": [
              "20.215.90.80",
              "20.215.90.87",
              "20.215.88.54",
              "20.215.88.55",
              "20.215.88.92",
              "20.215.88.93",
              "74.248.178.48",
              "20.215.143.18",
              "74.248.178.53",
              "74.248.75.173",
              "20.215.143.19",
              "74.248.251.82",
              "20.215.88.213",
              "20.215.88.246",
              "20.215.89.20",
              "20.215.89.22",
              "20.215.89.29",
              "20.215.89.30",
              "20.215.89.139",
              "20.215.89.176",
              "20.215.89.178",
              "20.215.89.208",
              "20.215.89.254",
              "20.215.90.18",
              "20.215.90.35",
              "20.215.90.43",
              "20.215.90.50",
              "20.215.90.54",
              "20.215.90.61",
              "20.215.90.68",
              "20.215.88.133",
              "20.215.88.194",
              "20.215.88.218",
              "20.215.88.69",
              "20.215.89.59",
              "20.215.89.61",
              "20.215.12.2"
            ],
            "possible_outbound_ip_addresses": "20.215.90.80,20.215.90.87,20.215.88.54,20.215.88.55,20.215.88.92,20.215.88.93,74.248.178.48,20.215.143.18,74.248.178.53,74.248.75.173,20.215.143.19,74.248.251.82,20.215.88.213,20.215.88.246,20.215.89.20,20.215.89.22,20.215.89.29,20.215.89.30,20.215.89.139,20.215.89.176,20.215.89.178,20.215.89.208,20.215.89.254,20.215.90.18,20.215.90.35,20.215.90.43,20.215.90.50,20.215.90.54,20.215.90.61,20.215.90.68,20.215.88.133,20.215.88.194,20.215.88.218,20.215.88.69,20.215.89.59,20.215.89.61,20.215.12.2",
            "public_network_access_enabled": true,
            "resource_group_name": "TaskBoard-RG",
            "service_plan_id": "/subscriptions/bee5e7ba-32c2-4108-8295-248b1dd4f194/resourceGroups/TaskBoard-RG/providers/Microsoft.Web/serverFarms/TaskBoard-Plan",
            "site_config": [
              {
                "always_on": false,
                "api_definition_url": "",
                "api_management_api_id": "",
                "app_command_line": "",
                "application_stack": [
                  {
                    "docker_image": "",
                    "docker_image_name": "",
                    "docker_image_tag": "",
                    "docker_registry_password": "",
                    "docker_registry_url": "",
                    "docker_registry_username": "",
                    "dotnet_version": "8.0",
                    "go_version": "",
                    "java_server": "",
                    "java_server_version": "",
                    "java_version": "",
                    "node_version": "",
                    "php_version": "",
                    "python_version": "",
                    "ruby_version": ""
                  }
                ],
                "auto_heal_enabled": false,
                "auto_heal_setting": [],
                "container_registry_managed_identity_client_id": "",
                "container_registry_use_managed_identity": false,
                "cors": [],
                "default_documents": [
                  "Default.htm",
                  "Default.html",
                  "Default.asp",
                  "index.htm",
                  "index.html",
                  "iisstart.htm",
                  "default.aspx",
                  "index.php",
                  "hostingstart.html"
                ],
                "detailed_error_logging_enabled": false,
                "ftps_state": "Disabled",
                "health_check_eviction_time_in_min": 0,
                "health_check_path": "",
                "http2_enabled": false,
                "ip_restriction": [],
                "ip_restriction_default_action": "Allow",
                "linux_fx_version": "DOTNETCORE|8.0",
                "load_balancing_mode": "LeastRequests",
                "local_mysql_enabled": false,
                "managed_pipeline_mode": "Integrated",
                "minimum_tls_version": "1.2",
                "remote_debugging_enabled": false,
                "remote_debugging_version": "VS2022",
                "scm_ip_restriction": [],
                "scm_ip_restriction_default_action": "Allow",
                "scm_minimum_tls_version": "1.2",
                "scm_type": "None",
                "scm_use_main_ip_restriction": false,
                "use_32_bit_worker": true,
                "vnet_route_all_enabled": false,
                "websockets_enabled": false,
                "worker_count": 1
              }
            ],
            "site_credential": [
              {
                "name": "$TaskBoardNeycho",
                "password": "Q9tDfbxu3WoGmvEqnbztFSHtQ8MrxKcdsR3X1lCoop35umdLT92nXHc3Aji0"
              }
            ],
            "sticky_settings": [],
            "storage_account": [],
            "tags": null,
            "timeouts": null,
            "virtual_network_subnet_id": "",
            "webdeploy_publish_basic_authentication_enabled": true,
            "zip_deploy_file": ""
          },
          "sensitive_attributes": [
            [
              {
                "type": "get_attr",
                "value": "connection_string"
              }
            ],
            [
              {
                "type": "get_attr",
                "value": "custom_domain_verification_id"
              }
            ],
            [
              {
                "type": "get_attr",
                "value": "site_config"
              },
              {
                "type": "index",
                "value": {
                  "value": 0,
                  "type": "number"
                }
              },
              {
                "type": "get_attr",
                "value": "application_stack"
              },
              {
                "type": "index",
                "value": {
                  "value": 0,
                  "type": "number"
                }
              },
              {
                "type": "get_attr",
                "value": "docker_registry_password"
              }
            ],
            [
              {
                "type": "get_attr",
                "value": "site_credential"
              }
            ]
          ],
          "identity_schema_version": 0,
          "private": "eyJlMmJmYjczMC1lY2FhLTExZTYtOGY4OC0zNDM2M2JjN2M0YzAiOnsiY3JlYXRlIjoxODAwMDAwMDAwMDAwLCJkZWxldGUiOjE4MDAwMDAwMDAwMDAsInJlYWQiOjMwMDAwMDAwMDAwMCwidXBkYXRlIjoxODAwMDAwMDAwMDAwfSwic2NoZW1hX3ZlcnNpb24iOiIxIn0=",
          "dependencies": [
            "azurerm_mssql_database.main",
            "azurerm_mssql_server.main",
            "azurerm_resource_group.main",
            "azurerm_service_plan.main"
          ]
        }
      ]
    },
    {
      "mode": "managed",
      "type": "azurerm_mssql_database",
      "name": "main",
      "provider": "provider[\"registry.terraform.io/hashicorp/azurerm\"]",
      "instances": [
        {
          "schema_version": 1,
          "attributes": {
            "auto_pause_delay_in_minutes": 0,
            "collation": "SQL_Latin1_General_CP1_CI_AS",
            "create_mode": "Default",
            "creation_source_database_id": null,
            "elastic_pool_id": "",
            "enclave_type": "",
            "geo_backup_enabled": true,
            "id": "/subscriptions/bee5e7ba-32c2-4108-8295-248b1dd4f194/resourceGroups/TaskBoard-RG/providers/Microsoft.Sql/servers/taskboard-sql-neycho/databases/TaskBoardDB",
            "identity": [],
            "import": [],
            "ledger_enabled": false,
            "license_type": "LicenseIncluded",
            "long_term_retention_policy": [
              {
                "immutable_backups_enabled": false,
                "monthly_retention": "PT0S",
                "week_of_year": 1,
                "weekly_retention": "PT0S",
                "yearly_retention": "PT0S"
              }
            ],
            "maintenance_configuration_name": "SQL_Default",
            "max_size_gb": 2,
            "min_capacity": 0,
            "name": "TaskBoardDB",
            "read_replica_count": 0,
            "read_scale": false,
            "recover_database_id": null,
            "recovery_point_id": null,
            "restore_dropped_database_id": null,
            "restore_long_term_retention_backup_id": null,
            "restore_point_in_time": null,
            "sample_name": null,
            "secondary_type": "",
            "server_id": "/subscriptions/bee5e7ba-32c2-4108-8295-248b1dd4f194/resourceGroups/TaskBoard-RG/providers/Microsoft.Sql/servers/taskboard-sql-neycho",
            "short_term_retention_policy": [
              {
                "backup_interval_in_hours": 24,
                "retention_days": 7
              }
            ],
            "sku_name": "Basic",
            "storage_account_type": "Local",
            "tags": {},
            "threat_detection_policy": [
              {
                "disabled_alerts": [],
                "email_account_admins": "Disabled",
                "email_addresses": [],
                "retention_days": 0,
                "state": "Disabled",
                "storage_account_access_key": "",
                "storage_endpoint": ""
              }
            ],
            "timeouts": null,
            "transparent_data_encryption_enabled": true,
            "transparent_data_encryption_key_automatic_rotation_enabled": false,
            "transparent_data_encryption_key_vault_key_id": "",
            "zone_redundant": false
          },
          "sensitive_attributes": [
            [
              {
                "type": "get_attr",
                "value": "threat_detection_policy"
              },
              {
                "type": "index",
                "value": {
                  "value": 0,
                  "type": "number"
                }
              },
              {
                "type": "get_attr",
                "value": "storage_account_access_key"
              }
            ]
          ],
          "identity_schema_version": 0,
          "private": "eyJlMmJmYjczMC1lY2FhLTExZTYtOGY4OC0zNDM2M2JjN2M0YzAiOnsiY3JlYXRlIjozNjAwMDAwMDAwMDAwLCJkZWxldGUiOjM2MDAwMDAwMDAwMDAsInJlYWQiOjMwMDAwMDAwMDAwMCwidXBkYXRlIjozNjAwMDAwMDAwMDAwfSwic2NoZW1hX3ZlcnNpb24iOiIxIn0=",
          "dependencies": [
            "azurerm_mssql_server.main",
            "azurerm_resource_group.main"
          ]
        }
      ]
    },
    {
      "mode": "managed",
      "type": "azurerm_mssql_firewall_rule",
      "name": "main",
      "provider": "provider[\"registry.terraform.io/hashicorp/azurerm\"]",
      "instances": [
        {
          "schema_version": 0,
          "attributes": {
            "end_ip_address": "0.0.0.0",
            "id": "/subscriptions/bee5e7ba-32c2-4108-8295-248b1dd4f194/resourceGroups/TaskBoard-RG/providers/Microsoft.Sql/servers/taskboard-sql-neycho/firewallRules/allow-azure-services",
            "name": "allow-azure-services",
            "server_id": "/subscriptions/bee5e7ba-32c2-4108-8295-248b1dd4f194/resourceGroups/TaskBoard-RG/providers/Microsoft.Sql/servers/taskboard-sql-neycho",
            "start_ip_address": "0.0.0.0",
            "timeouts": null
          },
          "sensitive_attributes": [],
          "identity_schema_version": 0,
          "private": "eyJlMmJmYjczMC1lY2FhLTExZTYtOGY4OC0zNDM2M2JjN2M0YzAiOnsiY3JlYXRlIjoxODAwMDAwMDAwMDAwLCJkZWxldGUiOjE4MDAwMDAwMDAwMDAsInJlYWQiOjMwMDAwMDAwMDAwMCwidXBkYXRlIjoxODAwMDAwMDAwMDAwfX0=",
          "dependencies": [
            "azurerm_mssql_server.main",
            "azurerm_resource_group.main"
          ]
        }
      ]
    },
    {
      "mode": "managed",
      "type": "azurerm_mssql_server",
      "name": "main",
      "provider": "provider[\"registry.terraform.io/hashicorp/azurerm\"]",
      "instances": [
        {
          "schema_version": 0,
          "attributes": {
            "administrator_login": "sqladmin",
            "administrator_login_password": "TaskBoard@2026!",
            "azuread_administrator": [],
            "connection_policy": "Default",
            "fully_qualified_domain_name": "taskboard-sql-neycho.database.windows.net",
            "id": "/subscriptions/bee5e7ba-32c2-4108-8295-248b1dd4f194/resourceGroups/TaskBoard-RG/providers/Microsoft.Sql/servers/taskboard-sql-neycho",
            "identity": [],
            "location": "polandcentral",
            "minimum_tls_version": "1.2",
            "name": "taskboard-sql-neycho",
            "outbound_network_restriction_enabled": false,
            "primary_user_assigned_identity_id": "",
            "public_network_access_enabled": true,
            "resource_group_name": "TaskBoard-RG",
            "restorable_dropped_database_ids": [],
            "tags": {},
            "timeouts": null,
            "transparent_data_encryption_key_vault_key_id": "",
            "version": "12.0"
          },
          "sensitive_attributes": [
            [
              {
                "type": "get_attr",
                "value": "administrator_login_password"
              }
            ]
          ],
          "identity_schema_version": 0,
          "private": "eyJlMmJmYjczMC1lY2FhLTExZTYtOGY4OC0zNDM2M2JjN2M0YzAiOnsiY3JlYXRlIjozNjAwMDAwMDAwMDAwLCJkZWxldGUiOjM2MDAwMDAwMDAwMDAsInJlYWQiOjMwMDAwMDAwMDAwMCwidXBkYXRlIjozNjAwMDAwMDAwMDAwfX0=",
          "dependencies": [
            "azurerm_resource_group.main"
          ]
        }
      ]
    },
    {
      "mode": "managed",
      "type": "azurerm_resource_group",
      "name": "main",
      "provider": "provider[\"registry.terraform.io/hashicorp/azurerm\"]",
      "instances": [
        {
          "schema_version": 0,
          "attributes": {
            "id": "/subscriptions/bee5e7ba-32c2-4108-8295-248b1dd4f194/resourceGroups/TaskBoard-RG",
            "location": "polandcentral",
            "managed_by": "",
            "name": "TaskBoard-RG",
            "tags": {},
            "timeouts": null
          },
          "sensitive_attributes": [],
          "identity_schema_version": 0,
          "private": "eyJlMmJmYjczMC1lY2FhLTExZTYtOGY4OC0zNDM2M2JjN2M0YzAiOnsiY3JlYXRlIjo1NDAwMDAwMDAwMDAwLCJkZWxldGUiOjU0MDAwMDAwMDAwMDAsInJlYWQiOjMwMDAwMDAwMDAwMCwidXBkYXRlIjo1NDAwMDAwMDAwMDAwfX0="
        }
      ]
    },
    {
      "mode": "managed",
      "type": "azurerm_service_plan",
      "name": "main",
      "provider": "provider[\"registry.terraform.io/hashicorp/azurerm\"]",
      "instances": [
        {
          "schema_version": 1,
          "attributes": {
            "app_service_environment_id": "",
            "id": "/subscriptions/bee5e7ba-32c2-4108-8295-248b1dd4f194/resourceGroups/TaskBoard-RG/providers/Microsoft.Web/serverFarms/TaskBoard-Plan",
            "kind": "linux",
            "location": "polandcentral",
            "maximum_elastic_worker_count": 1,
            "name": "TaskBoard-Plan",
            "os_type": "Linux",
            "per_site_scaling_enabled": false,
            "reserved": true,
            "resource_group_name": "TaskBoard-RG",
            "sku_name": "F1",
            "tags": {},
            "timeouts": null,
            "worker_count": 1,
            "zone_balancing_enabled": false
          },
          "sensitive_attributes": [],
          "identity_schema_version": 0,
          "private": "eyJlMmJmYjczMC1lY2FhLTExZTYtOGY4OC0zNDM2M2JjN2M0YzAiOnsiY3JlYXRlIjozNjAwMDAwMDAwMDAwLCJkZWxldGUiOjM2MDAwMDAwMDAwMDAsInJlYWQiOjMwMDAwMDAwMDAwMCwidXBkYXRlIjozNjAwMDAwMDAwMDAwfSwic2NoZW1hX3ZlcnNpb24iOiIxIn0=",
          "dependencies": [
            "azurerm_resource_group.main"
          ]
        }
      ]
    },
    {
      "mode": "managed",
      "type": "random_integer",
      "name": "ri",
      "provider": "provider[\"registry.terraform.io/hashicorp/random\"]",
      "instances": [
        {
          "schema_version": 0,
          "attributes": {
            "id": "77263",
            "keepers": null,
            "max": 99999,
            "min": 10000,
            "result": 77263,
            "seed": null
          },
          "sensitive_attributes": [],
          "identity_schema_version": 0
        }
      ]
    }
  ],
  "check_results": null
}
